Microsoft Visual Studio Solution File, Format Version 12.00
# Visual Studio Version 17
VisualStudioVersion = 17.5.2.0
MinimumVisualStudioVersion = 10.0.40219.1
Project("{2150E333-8FDC-42A3-9474-1A3956D46DE8}") = "src", "src", "{827E0CD3-B72D-47B6-A68D-7590B98EB39B}"
EndProject
Project("{2150E333-8FDC-42A3-9474-1A3956D46DE8}") = "tests", "tests", "{0AB3BF05-4346-4AA6-1389-037BE0695223}"
EndProject
Project("{FAE04EC0-301F-11D3-BF4B-00C04F79EFBC}") = "APIGateway", "src\APIGateway\APIGateway.csproj", "{967A9878-9005-C8B0-725C-1F34134168DB}"
EndProject
Project("{FAE04EC0-301F-11D3-BF4B-00C04F79EFBC}") = "Aspire.AppHost", "src\Aspire.AppHost\Aspire.AppHost.csproj", "{1CC7DB08-4EA9-6726-9263-16451F51525A}"
EndProject
Project("{FAE04EC0-301F-11D3-BF4B-00C04F79EFBC}") = "Aspire.ServiceDefaults", "src\Aspire.ServiceDefaults\Aspire.ServiceDefaults.csproj", "{BB3AB942-9074-DF6F-3176-52987AFD7B40}"
EndProject
Project("{FAE04EC0-301F-11D3-BF4B-00C04F79EFBC}") = "Tests.APIGateway", "tests\Tests.APIGateway\Tests.APIGateway.csproj", "{12EAD49D-B2EC-94E1-AB40-4CE8645997E4}"
EndProject
Project("{FAE04EC0-301F-11D3-BF4B-00C04F79EFBC}") = "Tests.Catalog", "tests\Tests.Catalog\Tests.Catalog.csproj", "{7F80B432-C61D-FB33-F07B-BBB9FECAC779}"
EndProject
Project("{FAE04EC0-301F-11D3-BF4B-00C04F79EFBC}") = "Tests.Common", "tests\Tests.Common\Tests.Common.csproj", "{7D691932-52C0-AB77-4078-DDA751C4288C}"
EndProject
Project("{FAE04EC0-301F-11D3-BF4B-00C04F79EFBC}") = "Tests.Inventory", "tests\Tests.Inventory\Tests.Inventory.csproj", "{A1043E6D-F403-A436-023A-580E652D053C}"
EndProject
Project("{FAE04EC0-301F-11D3-BF4B-00C04F79EFBC}") = "Tests.Order", "tests\Tests.Order\Tests.Order.csproj", "{AEC1A224-14C7-4492-196A-0CC78D650F8F}"
EndProject
Project("{2150E333-8FDC-42A3-9474-1A3956D46DE8}") = "shared", "shared", "{C8E42992-5E42-0C2B-DBFE-AA848D06431C}"
EndProject
Project("{FAE04EC0-301F-11D3-BF4B-00C04F79EFBC}") = "Contracts", "src\shared\Contracts\Contracts.csproj", "{803A92E1-07A0-164F-0DC8-23D11B932F75}"
EndProject
Project("{FAE04EC0-301F-11D3-BF4B-00C04F79EFBC}") = "Kernel", "src\shared\Kernel\Kernel.csproj", "{D166CA5E-7197-430C-D847-AB0A865D1FB3}"
EndProject
Project("{2150E333-8FDC-42A3-9474-1A3956D46DE8}") = "services", "services", "{984BB9B3-3FA3-BE33-9484-CAC21695A33C}"
EndProject
Project("{2150E333-8FDC-42A3-9474-1A3956D46DE8}") = "Catalog", "Catalog", "{C91C1CF1-1625-0789-F869-53D87D6277BA}"
EndProject
Project("{FAE04EC0-301F-11D3-BF4B-00C04F79EFBC}") = "Catalog.API", "src\services\Catalog\Catalog.API\Catalog.API.csproj", "{2577D5E5-EA8A-BC2D-48B9-5FCA0BB92918}"
EndProject
Project("{2150E333-8FDC-42A3-9474-1A3956D46DE8}") = "Inventory", "Inventory", "{CA15E31E-CB60-F235-5CDF-2E527A86A72C}"
EndProject
Project("{FAE04EC0-301F-11D3-BF4B-00C04F79EFBC}") = "Inventory.API", "src\services\Inventory\Inventory.API\Inventory.API.csproj", "{8DB8BC04-35C8-AE66-3B53-3E01A9D7E567}"
EndProject
Project("{2150E333-8FDC-42A3-9474-1A3956D46DE8}") = "Order", "Order", "{B851199A-4979-E597-3D50-97AC5992BBAF}"
EndProject
Project("{FAE04EC0-301F-11D3-BF4B-00C04F79EFBC}") = "Order.API", "src\services\Order\Order.API\Order.API.csproj", "{117A6875-6A65-F151-C1EC-B600D2036E54}"
EndProject
Project("{2150E333-8FDC-42A3-9474-1A3956D46DE8}") = "development", "development", "{F1A1C6DD-4B2D-4B1A-9A64-9EAA0A1B2C3D}"
EndProject
Project("{E53339B2-1760-4266-BCC7-CA923CBCF16C}") = "EShop.Development.Compose", "development\EShop.Development.Compose.dcproj", "{6B0C7A8D-9E45-4B37-A870-FA52D2C8F3DE}"
EndProject
Project("{2150E333-8FDC-42A3-9474-1A3956D46DE8}") = "production", "production", "{A2C3B9D4-5F86-4BB7-8DE1-3C9E73C8C10A}"
	ProjectSection(SolutionItems) = preProject
		production\.env = production\.env
		production\docker-compose.yml = production\docker-compose.yml
		production\prometheus.yml = production\prometheus.yml
		production\README.md = production\README.md
		production\run-all.ps1 = production\run-all.ps1
	EndProjectSection
EndProject
Project("{E53339B2-1760-4266-BCC7-CA923CBCF16C}") = "EShop.Production.Compose", "production\EShop.Production.Compose.dcproj", "{A9A60A9E-2A7F-4CF8-9C53-6D2C9B7BE8A1}"
EndProject
Global
	GlobalSection(SolutionConfigurationPlatforms) = preSolution
		Debug|Any CPU = Debug|Any CPU
		Release|Any CPU = Release|Any CPU
	EndGlobalSection
	GlobalSection(ProjectConfigurationPlatforms) = postSolution
		{967A9878-9005-C8B0-725C-1F34134168DB}.Debug|Any CPU.ActiveCfg = Debug|Any CPU
		{967A9878-9005-C8B0-725C-1F34134168DB}.Debug|Any CPU.Build.0 = Debug|Any CPU
		{967A9878-9005-C8B0-725C-1F34134168DB}.Release|Any CPU.ActiveCfg = Release|Any CPU
		{967A9878-9005-C8B0-725C-1F34134168DB}.Release|Any CPU.Build.0 = Release|Any CPU
		{1CC7DB08-4EA9-6726-9263-16451F51525A}.Debug|Any CPU.ActiveCfg = Debug|Any CPU
		{1CC7DB08-4EA9-6726-9263-16451F51525A}.Debug|Any CPU.Build.0 = Debug|Any CPU
		{1CC7DB08-4EA9-6726-9263-16451F51525A}.Release|Any CPU.ActiveCfg = Release|Any CPU
		{1CC7DB08-4EA9-6726-9263-16451F51525A}.Release|Any CPU.Build.0 = Release|Any CPU
		{BB3AB942-9074-DF6F-3176-52987AFD7B40}.Debug|Any CPU.ActiveCfg = Debug|Any CPU
		{BB3AB942-9074-DF6F-3176-52987AFD7B40}.Debug|Any CPU.Build.0 = Debug|Any CPU
		{BB3AB942-9074-DF6F-3176-52987AFD7B40}.Release|Any CPU.ActiveCfg = Release|Any CPU
		{BB3AB942-9074-DF6F-3176-52987AFD7B40}.Release|Any CPU.Build.0 = Release|Any CPU
		{12EAD49D-B2EC-94E1-AB40-4CE8645997E4}.Debug|Any CPU.ActiveCfg = Debug|Any CPU
		{12EAD49D-B2EC-94E1-AB40-4CE8645997E4}.Debug|Any CPU.Build.0 = Debug|Any CPU
		{12EAD49D-B2EC-94E1-AB40-4CE8645997E4}.Release|Any CPU.ActiveCfg = Release|Any CPU
		{12EAD49D-B2EC-94E1-AB40-4CE8645997E4}.Release|Any CPU.Build.0 = Release|Any CPU
		{7F80B432-C61D-FB33-F07B-BBB9FECAC779}.Debug|Any CPU.ActiveCfg = Debug|Any CPU
		{7F80B432-C61D-FB33-F07B-BBB9FECAC779}.Debug|Any CPU.Build.0 = Debug|Any CPU
		{7F80B432-C61D-FB33-F07B-BBB9FECAC779}.Release|Any CPU.ActiveCfg = Release|Any CPU
		{7F80B432-C61D-FB33-F07B-BBB9FECAC779}.Release|Any CPU.Build.0 = Release|Any CPU
		{7D691932-52C0-AB77-4078-DDA751C4288C}.Debug|Any CPU.ActiveCfg = Debug|Any CPU
		{7D691932-52C0-AB77-4078-DDA751C4288C}.Debug|Any CPU.Build.0 = Debug|Any CPU
		{7D691932-52C0-AB77-4078-DDA751C4288C}.Release|Any CPU.ActiveCfg = Release|Any CPU
		{7D691932-52C0-AB77-4078-DDA751C4288C}.Release|Any CPU.Build.0 = Release|Any CPU
		{A1043E6D-F403-A436-023A-580E652D053C}.Debug|Any CPU.ActiveCfg = Debug|Any CPU
		{A1043E6D-F403-A436-023A-580E652D053C}.Debug|Any CPU.Build.0 = Debug|Any CPU
		{A1043E6D-F403-A436-023A-580E652D053C}.Release|Any CPU.ActiveCfg = Release|Any CPU
		{A1043E6D-F403-A436-023A-580E652D053C}.Release|Any CPU.Build.0 = Release|Any CPU
		{AEC1A224-14C7-4492-196A-0CC78D650F8F}.Debug|Any CPU.ActiveCfg = Debug|Any CPU
		{AEC1A224-14C7-4492-196A-0CC78D650F8F}.Debug|Any CPU.Build.0 = Debug|Any CPU
		{AEC1A224-14C7-4492-196A-0CC78D650F8F}.Release|Any CPU.ActiveCfg = Release|Any CPU
		{AEC1A224-14C7-4492-196A-0CC78D650F8F}.Release|Any CPU.Build.0 = Release|Any CPU
		{803A92E1-07A0-164F-0DC8-23D11B932F75}.Debug|Any CPU.ActiveCfg = Debug|Any CPU
		{803A92E1-07A0-164F-0DC8-23D11B932F75}.Debug|Any CPU.Build.0 = Debug|Any CPU
		{803A92E1-07A0-164F-0DC8-23D11B932F75}.Release|Any CPU.ActiveCfg = Release|Any CPU
		{803A92E1-07A0-164F-0DC8-23D11B932F75}.Release|Any CPU.Build.0 = Release|Any CPU
		{D166CA5E-7197-430C-D847-AB0A865D1FB3}.Debug|Any CPU.ActiveCfg = Debug|Any CPU
		{D166CA5E-7197-430C-D847-AB0A865D1FB3}.Debug|Any CPU.Build.0 = Debug|Any CPU
		{D166CA5E-7197-430C-D847-AB0A865D1FB3}.Release|Any CPU.ActiveCfg = Release|Any CPU
		{D166CA5E-7197-430C-D847-AB0A865D1FB3}.Release|Any CPU.Build.0 = Release|Any CPU
		{2577D5E5-EA8A-BC2D-48B9-5FCA0BB92918}.Debug|Any CPU.ActiveCfg = Debug|Any CPU
		{2577D5E5-EA8A-BC2D-48B9-5FCA0BB92918}.Debug|Any CPU.Build.0 = Debug|Any CPU
		{2577D5E5-EA8A-BC2D-48B9-5FCA0BB92918}.Release|Any CPU.ActiveCfg = Release|Any CPU
		{2577D5E5-EA8A-BC2D-48B9-5FCA0BB92918}.Release|Any CPU.Build.0 = Release|Any CPU
		{8DB8BC04-35C8-AE66-3B53-3E01A9D7E567}.Debug|Any CPU.ActiveCfg = Debug|Any CPU
		{8DB8BC04-35C8-AE66-3B53-3E01A9D7E567}.Debug|Any CPU.Build.0 = Debug|Any CPU
		{8DB8BC04-35C8-AE66-3B53-3E01A9D7E567}.Release|Any CPU.ActiveCfg = Release|Any CPU
		{8DB8BC04-35C8-AE66-3B53-3E01A9D7E567}.Release|Any CPU.Build.0 = Release|Any CPU
		{117A6875-6A65-F151-C1EC-B600D2036E54}.Debug|Any CPU.ActiveCfg = Debug|Any CPU
		{117A6875-6A65-F151-C1EC-B600D2036E54}.Debug|Any CPU.Build.0 = Debug|Any CPU
		{117A6875-6A65-F151-C1EC-B600D2036E54}.Release|Any CPU.ActiveCfg = Release|Any CPU
		{117A6875-6A65-F151-C1EC-B600D2036E54}.Release|Any CPU.Build.0 = Release|Any CPU
		{6B0C7A8D-9E45-4B37-A870-FA52D2C8F3DE}.Debug|Any CPU.ActiveCfg = Debug|Any CPU
		{6B0C7A8D-9E45-4B37-A870-FA52D2C8F3DE}.Debug|Any CPU.Build.0 = Debug|Any CPU
		{6B0C7A8D-9E45-4B37-A870-FA52D2C8F3DE}.Release|Any CPU.ActiveCfg = Release|Any CPU
		{6B0C7A8D-9E45-4B37-A870-FA52D2C8F3DE}.Release|Any CPU.Build.0 = Release|Any CPU
		{A9A60A9E-2A7F-4CF8-9C53-6D2C9B7BE8A1}.Debug|Any CPU.ActiveCfg = Debug|Any CPU
		{A9A60A9E-2A7F-4CF8-9C53-6D2C9B7BE8A1}.Debug|Any CPU.Build.0 = Debug|Any CPU
		{A9A60A9E-2A7F-4CF8-9C53-6D2C9B7BE8A1}.Release|Any CPU.ActiveCfg = Release|Any CPU
		{A9A60A9E-2A7F-4CF8-9C53-6D2C9B7BE8A1}.Release|Any CPU.Build.0 = Release|Any CPU
	EndGlobalSection
	GlobalSection(SolutionProperties) = preSolution
		HideSolutionNode = FALSE
	EndGlobalSection
	GlobalSection(NestedProjects) = preSolution
		{967A9878-9005-C8B0-725C-1F34134168DB} = {827E0CD3-B72D-47B6-A68D-7590B98EB39B}
		{1CC7DB08-4EA9-6726-9263-16451F51525A} = {827E0CD3-B72D-47B6-A68D-7590B98EB39B}
		{BB3AB942-9074-DF6F-3176-52987AFD7B40} = {827E0CD3-B72D-47B6-A68D-7590B98EB39B}
		{12EAD49D-B2EC-94E1-AB40-4CE8645997E4} = {0AB3BF05-4346-4AA6-1389-037BE0695223}
		{7F80B432-C61D-FB33-F07B-BBB9FECAC779} = {0AB3BF05-4346-4AA6-1389-037BE0695223}
		{7D691932-52C0-AB77-4078-DDA751C4288C} = {0AB3BF05-4346-4AA6-1389-037BE0695223}
		{A1043E6D-F403-A436-023A-580E652D053C} = {0AB3BF05-4346-4AA6-1389-037BE0695223}
		{AEC1A224-14C7-4492-196A-0CC78D650F8F} = {0AB3BF05-4346-4AA6-1389-037BE0695223}
		{C8E42992-5E42-0C2B-DBFE-AA848D06431C} = {827E0CD3-B72D-47B6-A68D-7590B98EB39B}
		{803A92E1-07A0-164F-0DC8-23D11B932F75} = {C8E42992-5E42-0C2B-DBFE-AA848D06431C}
		{D166CA5E-7197-430C-D847-AB0A865D1FB3} = {C8E42992-5E42-0C2B-DBFE-AA848D06431C}
		{984BB9B3-3FA3-BE33-9484-CAC21695A33C} = {827E0CD3-B72D-47B6-A68D-7590B98EB39B}
		{C91C1CF1-1625-0789-F869-53D87D6277BA} = {984BB9B3-3FA3-BE33-9484-CAC21695A33C}
		{2577D5E5-EA8A-BC2D-48B9-5FCA0BB92918} = {C91C1CF1-1625-0789-F869-53D87D6277BA}
		{CA15E31E-CB60-F235-5CDF-2E527A86A72C} = {984BB9B3-3FA3-BE33-9484-CAC21695A33C}
		{8DB8BC04-35C8-AE66-3B53-3E01A9D7E567} = {CA15E31E-CB60-F235-5CDF-2E527A86A72C}
		{B851199A-4979-E597-3D50-97AC5992BBAF} = {984BB9B3-3FA3-BE33-9484-CAC21695A33C}
		{117A6875-6A65-F151-C1EC-B600D2036E54} = {B851199A-4979-E597-3D50-97AC5992BBAF}
		{6B0C7A8D-9E45-4B37-A870-FA52D2C8F3DE} = {F1A1C6DD-4B2D-4B1A-9A64-9EAA0A1B2C3D}
		{A9A60A9E-2A7F-4CF8-9C53-6D2C9B7BE8A1} = {A2C3B9D4-5F86-4BB7-8DE1-3C9E73C8C10A}
	EndGlobalSection
	GlobalSection(ExtensibilityGlobals) = postSolution
		SolutionGuid = {D4CA50F5-823F-4EF7-AC0B-086048323B85}
	EndGlobalSection
EndGlobal
